// !$*UTF8*$!
{
	archiveVersion = 1;
	classes = {
	};
	objectVersion = 51;
	objects = {

/* Begin PBXBuildFile section */
		76341B2C8AB89EA79E450E7F /* Pods_LockConfigurationTool.framework in Frameworks */ = {isa = PBXBuildFile; fileRef = 590B13C5ABB374154BCCDABF /* Pods_LockConfigurationTool.framework */; };
		9C130D5A247F548800853084 /* RootViewController.swift in Sources */ = {isa = PBXBuildFile; fileRef = 9C130D59247F548800853084 /* RootViewController.swift */; };
		9C130D62247F592C00853084 /* LocalArchiver.swift in Sources */ = {isa = PBXBuildFile; fileRef = 9C130D60247F592C00853084 /* LocalArchiver.swift */; };
		9C130D63247F592C00853084 /* ViewLoader.swift in Sources */ = {isa = PBXBuildFile; fileRef = 9C130D61247F592C00853084 /* ViewLoader.swift */; };
		9C130D65247F59C500853084 /* NetworkingEnvironment.swift in Sources */ = {isa = PBXBuildFile; fileRef = 9C130D64247F59C500853084 /* NetworkingEnvironment.swift */; };
		9C130D67247F5A4D00853084 /* NetworkInterface.swift in Sources */ = {isa = PBXBuildFile; fileRef = 9C130D66247F5A4D00853084 /* NetworkInterface.swift */; };
		9C130D69247F5A9600853084 /* NetworkInterfaceImplement.swift in Sources */ = {isa = PBXBuildFile; fileRef = 9C130D68247F5A9600853084 /* NetworkInterfaceImplement.swift */; };
		9C130D6B247F5C5F00853084 /* RxMoyaProvider.swift in Sources */ = {isa = PBXBuildFile; fileRef = 9C130D6A247F5C5F00853084 /* RxMoyaProvider.swift */; };
		9C130D6D247F5CCA00853084 /* AppErrorDomain.swift in Sources */ = {isa = PBXBuildFile; fileRef = 9C130D6C247F5CCA00853084 /* AppErrorDomain.swift */; };
		9C130D6F247F5CE000853084 /* LoadingPlugin.swift in Sources */ = {isa = PBXBuildFile; fileRef = 9C130D6E247F5CE000853084 /* LoadingPlugin.swift */; };
		9C130D71247F5DF100853084 /* ColorClassification.swift in Sources */ = {isa = PBXBuildFile; fileRef = 9C130D70247F5DF100853084 /* ColorClassification.swift */; };
		9C130D75247F5E7000853084 /* NetworkDiskStorage.swift in Sources */ = {isa = PBXBuildFile; fileRef = 9C130D73247F5E7000853084 /* NetworkDiskStorage.swift */; };
		9C130D76247F5E7000853084 /* NetworkMetaDb.swift in Sources */ = {isa = PBXBuildFile; fileRef = 9C130D74247F5E7000853084 /* NetworkMetaDb.swift */; };
		9C130D79247F5F1100853084 /* LCUser.swift in Sources */ = {isa = PBXBuildFile; fileRef = 9C130D78247F5F1100853084 /* LCUser.swift */; };
		9C130D7C247F5FEF00853084 /* AccessTokenModel.swift in Sources */ = {isa = PBXBuildFile; fileRef = 9C130D7B247F5FEF00853084 /* AccessTokenModel.swift */; };
		9C130D7E247F615D00853084 /* UserModel.swift in Sources */ = {isa = PBXBuildFile; fileRef = 9C130D7D247F615D00853084 /* UserModel.swift */; };
		9C130D80247F683500853084 /* NetworkAPI.swift in Sources */ = {isa = PBXBuildFile; fileRef = 9C130D7F247F683500853084 /* NetworkAPI.swift */; };
		9C130D83247F6BB400853084 /* Swizzling+UIViewController.swift in Sources */ = {isa = PBXBuildFile; fileRef = 9C130D82247F6BB400853084 /* Swizzling+UIViewController.swift */; };
		9C130D86247F6FD600853084 /* CountdownButton.swift in Sources */ = {isa = PBXBuildFile; fileRef = 9C130D85247F6FD600853084 /* CountdownButton.swift */; };
		9C130D8C247F6FDD00853084 /* RegisPwdViewModel.swift in Sources */ = {isa = PBXBuildFile; fileRef = 9C130D88247F6FDD00853084 /* RegisPwdViewModel.swift */; };
		9C130D8D247F6FDD00853084 /* LoginViewReactor.swift in Sources */ = {isa = PBXBuildFile; fileRef = 9C130D89247F6FDD00853084 /* LoginViewReactor.swift */; };
		9C130D8E247F6FDD00853084 /* LoginService.swift in Sources */ = {isa = PBXBuildFile; fileRef = 9C130D8A247F6FDD00853084 /* LoginService.swift */; };
		9C130D8F247F6FDD00853084 /* RegistrationRecoveryService.swift in Sources */ = {isa = PBXBuildFile; fileRef = 9C130D8B247F6FDD00853084 /* RegistrationRecoveryService.swift */; };
		9C130D93247F6FE600853084 /* LoginViewController.swift in Sources */ = {isa = PBXBuildFile; fileRef = 9C130D90247F6FE600853084 /* LoginViewController.swift */; };
		9C130D94247F6FE600853084 /* Login.storyboard in Resources */ = {isa = PBXBuildFile; fileRef = 9C130D91247F6FE600853084 /* Login.storyboard */; };
		9C130D95247F6FE600853084 /* RegisterForgetController.swift in Sources */ = {isa = PBXBuildFile; fileRef = 9C130D92247F6FE600853084 /* RegisterForgetController.swift */; };
		9C130D97247F701F00853084 /* UITextField+Extension.swift in Sources */ = {isa = PBXBuildFile; fileRef = 9C130D96247F701F00853084 /* UITextField+Extension.swift */; };
		9C130D99247F703A00853084 /* ObjectAssociation.swift in Sources */ = {isa = PBXBuildFile; fileRef = 9C130D98247F703A00853084 /* ObjectAssociation.swift */; };
		9C130D9B247F712900853084 /* PKHud+Rx.swift in Sources */ = {isa = PBXBuildFile; fileRef = 9C130D9A247F712900853084 /* PKHud+Rx.swift */; };
		9C130D9D247F716100853084 /* UIView+Extension.swift in Sources */ = {isa = PBXBuildFile; fileRef = 9C130D9C247F716100853084 /* UIView+Extension.swift */; };
		9C130D9F247F75BC00853084 /* StaticConst.swift in Sources */ = {isa = PBXBuildFile; fileRef = 9C130D9E247F75BC00853084 /* StaticConst.swift */; };
		9C130DA3247F92BF00853084 /* Home.storyboard in Resources */ = {isa = PBXBuildFile; fileRef = 9C130DA2247F92BF00853084 /* Home.storyboard */; };
		9C130DA5247F92C800853084 /* My.storyboard in Resources */ = {isa = PBXBuildFile; fileRef = 9C130DA4247F92C800853084 /* My.storyboard */; };
		9C130DA7247F92DF00853084 /* MyController.swift in Sources */ = {isa = PBXBuildFile; fileRef = 9C130DA6247F92DF00853084 /* MyController.swift */; };
		9C130DA9247F933B00853084 /* HomeController.swift in Sources */ = {isa = PBXBuildFile; fileRef = 9C130DA8247F933B00853084 /* HomeController.swift */; };
		9C130DAB247F976600853084 /* CompositeAppDelegate.swift in Sources */ = {isa = PBXBuildFile; fileRef = 9C130DAA247F976600853084 /* CompositeAppDelegate.swift */; };
		9C130DAD247F977900853084 /* AppearanceAppDelegate.swift in Sources */ = {isa = PBXBuildFile; fileRef = 9C130DAC247F977900853084 /* AppearanceAppDelegate.swift */; };
		9C130DAF247FA24700853084 /* UIImage+Extension.swift in Sources */ = {isa = PBXBuildFile; fileRef = 9C130DAE247FA24700853084 /* UIImage+Extension.swift */; };
		9C130DB1247FA42100853084 /* Empty+UIViewController.swift in Sources */ = {isa = PBXBuildFile; fileRef = 9C130DB0247FA42100853084 /* Empty+UIViewController.swift */; };
		9CAA70E4248A889800A252E4 /* UIImageView+Extension.swift in Sources */ = {isa = PBXBuildFile; fileRef = 9CAA70E3248A889700A252E4 /* UIImageView+Extension.swift */; };
		9CB0500A247E6D71001D6DA2 /* AppDelegate.swift in Sources */ = {isa = PBXBuildFile; fileRef = 9CB05009247E6D71001D6DA2 /* AppDelegate.swift */; };
		9CB05011247E6D71001D6DA2 /* Main.storyboard in Resources */ = {isa = PBXBuildFile; fileRef = 9CB0500F247E6D71001D6DA2 /* Main.storyboard */; };
		9CB05013247E6D73001D6DA2 /* Assets.xcassets in Resources */ = {isa = PBXBuildFile; fileRef = 9CB05012247E6D73001D6DA2 /* Assets.xcassets */; };
		9CB05016247E6D73001D6DA2 /* LaunchScreen.storyboard in Resources */ = {isa = PBXBuildFile; fileRef = 9CB05014247E6D73001D6DA2 /* LaunchScreen.storyboard */; };
		9CB698BE2485F25F005F7F7F /* ChangePasswordController.swift in Sources */ = {isa = PBXBuildFile; fileRef = 9CB698BD2485F25F005F7F7F /* ChangePasswordController.swift */; };
		9CB698C12485FB34005F7F7F /* NavigationSettingStyle.swift in Sources */ = {isa = PBXBuildFile; fileRef = 9CB698BF2485FB34005F7F7F /* NavigationSettingStyle.swift */; };
		9CB698C22485FB34005F7F7F /* BaseNavigationController.swift in Sources */ = {isa = PBXBuildFile; fileRef = 9CB698C02485FB34005F7F7F /* BaseNavigationController.swift */; };
		9CB698C524863371005F7F7F /* ConfigureTaskListModel.swift in Sources */ = {isa = PBXBuildFile; fileRef = 9CB698C424863371005F7F7F /* ConfigureTaskListModel.swift */; };
		9CB698CA24863678005F7F7F /* HomeListCell.swift in Sources */ = {isa = PBXBuildFile; fileRef = 9CB698C824863678005F7F7F /* HomeListCell.swift */; };
		9CB698CB24863678005F7F7F /* HomeListCell.xib in Resources */ = {isa = PBXBuildFile; fileRef = 9CB698C924863678005F7F7F /* HomeListCell.xib */; };
		9CB698CD24864D88005F7F7F /* UIViewController+Extension.swift in Sources */ = {isa = PBXBuildFile; fileRef = 9CB698CC24864D88005F7F7F /* UIViewController+Extension.swift */; };
		9CB698CF24864FB7005F7F7F /* HomeViewReactor.swift in Sources */ = {isa = PBXBuildFile; fileRef = 9CB698CE24864FB7005F7F7F /* HomeViewReactor.swift */; };
		9CB698D224868EBB005F7F7F /* DataPickerController.swift in Sources */ = {isa = PBXBuildFile; fileRef = 9CB698D024868EBB005F7F7F /* DataPickerController.swift */; };
		9CB698D324868EBB005F7F7F /* DataPickerController.xib in Resources */ = {isa = PBXBuildFile; fileRef = 9CB698D124868EBB005F7F7F /* DataPickerController.xib */; };
		9CE3AB802487346500A23E5C /* TaskDetailController.swift in Sources */ = {isa = PBXBuildFile; fileRef = 9CE3AB7F2487346500A23E5C /* TaskDetailController.swift */; };
		9CE3AB832487465400A23E5C /* ScanQRViewController.swift in Sources */ = {isa = PBXBuildFile; fileRef = 9CE3AB812487465400A23E5C /* ScanQRViewController.swift */; };
		9CE3AB842487465400A23E5C /* ScanQRViewController.xib in Resources */ = {isa = PBXBuildFile; fileRef = 9CE3AB822487465400A23E5C /* ScanQRViewController.xib */; };
		9CE3AB8624874F0B00A23E5C /* TaskDetailViewModel.swift in Sources */ = {isa = PBXBuildFile; fileRef = 9CE3AB8524874F0B00A23E5C /* TaskDetailViewModel.swift */; };
		9CE3AB8824874FED00A23E5C /* UIButton+Extension.swift in Sources */ = {isa = PBXBuildFile; fileRef = 9CE3AB8724874FED00A23E5C /* UIButton+Extension.swift */; };
		9CE3AB8A2487529F00A23E5C /* String+Extension.swift in Sources */ = {isa = PBXBuildFile; fileRef = 9CE3AB892487529F00A23E5C /* String+Extension.swift */; };
		9CE3AB912487AD9700A23E5C /* NORData.swift in Sources */ = {isa = PBXBuildFile; fileRef = 9CE3AB8D2487AD9700A23E5C /* NORData.swift */; };
		9CE3AB922487AD9700A23E5C /* NORServiceIdentifiers.swift in Sources */ = {isa = PBXBuildFile; fileRef = 9CE3AB8E2487AD9700A23E5C /* NORServiceIdentifiers.swift */; };
		9CE3AB932487AD9700A23E5C /* PPBluetoothScanEntity.swift in Sources */ = {isa = PBXBuildFile; fileRef = 9CE3AB8F2487AD9700A23E5C /* PPBluetoothScanEntity.swift */; };
		9CE3AB942487AD9700A23E5C /* BluetoothPapa.swift in Sources */ = {isa = PBXBuildFile; fileRef = 9CE3AB902487AD9700A23E5C /* BluetoothPapa.swift */; };
		9CE3ABA32487B17A00A23E5C /* LockStartScanViewModel.swift in Sources */ = {isa = PBXBuildFile; fileRef = 9CE3AB982487B17A00A23E5C /* LockStartScanViewModel.swift */; };
		9CE3ABA42487B17A00A23E5C /* LockBindViewModel.swift in Sources */ = {isa = PBXBuildFile; fileRef = 9CE3AB992487B17A00A23E5C /* LockBindViewModel.swift */; };
		9CE3ABA92487B17A00A23E5C /* InitialLock.storyboard in Resources */ = {isa = PBXBuildFile; fileRef = 9CE3AB9E2487B17A00A23E5C /* InitialLock.storyboard */; };
		9CE3ABAB2487B17A00A23E5C /* SelectLockTypeController.swift in Sources */ = {isa = PBXBuildFile; fileRef = 9CE3ABA02487B17A00A23E5C /* SelectLockTypeController.swift */; };
		9CE3ABAC2487B17A00A23E5C /* LockStartScanningController.swift in Sources */ = {isa = PBXBuildFile; fileRef = 9CE3ABA12487B17A00A23E5C /* LockStartScanningController.swift */; };
		9CE3ABAE2487B34E00A23E5C /* LockModels.swift in Sources */ = {isa = PBXBuildFile; fileRef = 9CE3ABAD2487B34E00A23E5C /* LockModels.swift */; };
/* End PBXBuildFile section */

/* Begin PBXFileReference section */
		39A520C5221D647ED60BDF8E /* Pods-LockConfigurationTool.release.xcconfig */ = {isa = PBXFileReference; includeInIndex = 1; lastKnownFileType = text.xcconfig; name = "Pods-LockConfigurationTool.release.xcconfig"; path = "Target Support Files/Pods-LockConfigurationTool/Pods-LockConfigurationTool.release.xcconfig"; sourceTree = "<group>"; };
		590B13C5ABB374154BCCDABF /* Pods_LockConfigurationTool.framework */ = {isa = PBXFileReference; explicitFileType = wrapper.framework; includeInIndex = 0; path = Pods_LockConfigurationTool.framework; sourceTree = BUILT_PRODUCTS_DIR; };
		71D8E7895802DAF3702C67E7 /* Pods-LockConfigurationTool.debug.xcconfig */ = {isa = PBXFileReference; includeInIndex = 1; lastKnownFileType = text.xcconfig; name = "Pods-LockConfigurationTool.debug.xcconfig"; path = "Target Support Files/Pods-LockConfigurationTool/Pods-LockConfigurationTool.debug.xcconfig"; sourceTree = "<group>"; };
		9C130D59247F548800853084 /* RootViewController.swift */ = {isa = PBXFileReference; lastKnownFileType = sourcecode.swift; path = RootViewController.swift; sourceTree = "<group>"; };
		9C130D60247F592C00853084 /* LocalArchiver.swift */ = {isa = PBXFileReference; fileEncoding = 4; lastKnownFileType = sourcecode.swift; path = LocalArchiver.swift; sourceTree = "<group>"; };
		9C130D61247F592C00853084 /* ViewLoader.swift */ = {isa = PBXFileReference; fileEncoding = 4; lastKnownFileType = sourcecode.swift; path = ViewLoader.swift; sourceTree = "<group>"; };
		9C130D64247F59C500853084 /* NetworkingEnvironment.swift */ = {isa = PBXFileReference; fileEncoding = 4; lastKnownFileType = sourcecode.swift; path = NetworkingEnvironment.swift; sourceTree = "<group>"; };
		9C130D66247F5A4D00853084 /* NetworkInterface.swift */ = {isa = PBXFileReference; lastKnownFileType = sourcecode.swift; path = NetworkInterface.swift; sourceTree = "<group>"; };
		9C130D68247F5A9600853084 /* NetworkInterfaceImplement.swift */ = {isa = PBXFileReference; lastKnownFileType = sourcecode.swift; path = NetworkInterfaceImplement.swift; sourceTree = "<group>"; };
		9C130D6A247F5C5F00853084 /* RxMoyaProvider.swift */ = {isa = PBXFileReference; fileEncoding = 4; lastKnownFileType = sourcecode.swift; path = RxMoyaProvider.swift; sourceTree = "<group>"; };
		9C130D6C247F5CCA00853084 /* AppErrorDomain.swift */ = {isa = PBXFileReference; fileEncoding = 4; lastKnownFileType = sourcecode.swift; path = AppErrorDomain.swift; sourceTree = "<group>"; };
		9C130D6E247F5CE000853084 /* LoadingPlugin.swift */ = {isa = PBXFileReference; fileEncoding = 4; lastKnownFileType = sourcecode.swift; path = LoadingPlugin.swift; sourceTree = "<group>"; };
		9C130D70247F5DF100853084 /* ColorClassification.swift */ = {isa = PBXFileReference; fileEncoding = 4; lastKnownFileType = sourcecode.swift; path = ColorClassification.swift; sourceTree = "<group>"; };
		9C130D73247F5E7000853084 /* NetworkDiskStorage.swift */ = {isa = PBXFileReference; fileEncoding = 4; lastKnownFileType = sourcecode.swift; path = NetworkDiskStorage.swift; sourceTree = "<group>"; };
		9C130D74247F5E7000853084 /* NetworkMetaDb.swift */ = {isa = PBXFileReference; fileEncoding = 4; lastKnownFileType = sourcecode.swift; path = NetworkMetaDb.swift; sourceTree = "<group>"; };
		9C130D78247F5F1100853084 /* LCUser.swift */ = {isa = PBXFileReference; lastKnownFileType = sourcecode.swift; path = LCUser.swift; sourceTree = "<group>"; };
		9C130D7B247F5FEF00853084 /* AccessTokenModel.swift */ = {isa = PBXFileReference; lastKnownFileType = sourcecode.swift; path = AccessTokenModel.swift; sourceTree = "<group>"; };
		9C130D7D247F615D00853084 /* UserModel.swift */ = {isa = PBXFileReference; fileEncoding = 4; lastKnownFileType = sourcecode.swift; path = UserModel.swift; sourceTree = "<group>"; };
		9C130D7F247F683500853084 /* NetworkAPI.swift */ = {isa = PBXFileReference; fileEncoding = 4; lastKnownFileType = sourcecode.swift; path = NetworkAPI.swift; sourceTree = "<group>"; };
		9C130D82247F6BB400853084 /* Swizzling+UIViewController.swift */ = {isa = PBXFileReference; fileEncoding = 4; lastKnownFileType = sourcecode.swift; path = "Swizzling+UIViewController.swift"; sourceTree = "<group>"; };
		9C130D85247F6FD600853084 /* CountdownButton.swift */ = {isa = PBXFileReference; fileEncoding = 4; lastKnownFileType = sourcecode.swift; path = CountdownButton.swift; sourceTree = "<group>"; };
		9C130D88247F6FDD00853084 /* RegisPwdViewModel.swift */ = {isa = PBXFileReference; fileEncoding = 4; lastKnownFileType = sourcecode.swift; path = RegisPwdViewModel.swift; sourceTree = "<group>"; };
		9C130D89247F6FDD00853084 /* LoginViewReactor.swift */ = {isa = PBXFileReference; fileEncoding = 4; lastKnownFileType = sourcecode.swift; path = LoginViewReactor.swift; sourceTree = "<group>"; };
		9C130D8A247F6FDD00853084 /* LoginService.swift */ = {isa = PBXFileReference; fileEncoding = 4; lastKnownFileType = sourcecode.swift; path = LoginService.swift; sourceTree = "<group>"; };
		9C130D8B247F6FDD00853084 /* RegistrationRecoveryService.swift */ = {isa = PBXFileReference; fileEncoding = 4; lastKnownFileType = sourcecode.swift; path = RegistrationRecoveryService.swift; sourceTree = "<group>"; };
		9C130D90247F6FE600853084 /* LoginViewController.swift */ = {isa = PBXFileReference; fileEncoding = 4; lastKnownFileType = sourcecode.swift; path = LoginViewController.swift; sourceTree = "<group>"; };
		9C130D91247F6FE600853084 /* Login.storyboard */ = {isa = PBXFileReference; fileEncoding = 4; lastKnownFileType = file.storyboard; path = Login.storyboard; sourceTree = "<group>"; };
		9C130D92247F6FE600853084 /* RegisterForgetController.swift */ = {isa = PBXFileReference; fileEncoding = 4; lastKnownFileType = sourcecode.swift; path = RegisterForgetController.swift; sourceTree = "<group>"; };
		9C130D96247F701F00853084 /* UITextField+Extension.swift */ = {isa = PBXFileReference; fileEncoding = 4; lastKnownFileType = sourcecode.swift; path = "UITextField+Extension.swift"; sourceTree = "<group>"; };
		9C130D98247F703A00853084 /* ObjectAssociation.swift */ = {isa = PBXFileReference; fileEncoding = 4; lastKnownFileType = sourcecode.swift; path = ObjectAssociation.swift; sourceTree = "<group>"; };
		9C130D9A247F712900853084 /* PKHud+Rx.swift */ = {isa = PBXFileReference; fileEncoding = 4; lastKnownFileType = sourcecode.swift; path = "PKHud+Rx.swift"; sourceTree = "<group>"; };
		9C130D9C247F716100853084 /* UIView+Extension.swift */ = {isa = PBXFileReference; fileEncoding = 4; lastKnownFileType = sourcecode.swift; path = "UIView+Extension.swift"; sourceTree = "<group>"; };
		9C130D9E247F75BC00853084 /* StaticConst.swift */ = {isa = PBXFileReference; fileEncoding = 4; lastKnownFileType = sourcecode.swift; path = StaticConst.swift; sourceTree = "<group>"; };
		9C130DA2247F92BF00853084 /* Home.storyboard */ = {isa = PBXFileReference; lastKnownFileType = file.storyboard; path = Home.storyboard; sourceTree = "<group>"; };
		9C130DA4247F92C800853084 /* My.storyboard */ = {isa = PBXFileReference; lastKnownFileType = file.storyboard; path = My.storyboard; sourceTree = "<group>"; };
		9C130DA6247F92DF00853084 /* MyController.swift */ = {isa = PBXFileReference; lastKnownFileType = sourcecode.swift; path = MyController.swift; sourceTree = "<group>"; };
		9C130DA8247F933B00853084 /* HomeController.swift */ = {isa = PBXFileReference; lastKnownFileType = sourcecode.swift; path = HomeController.swift; sourceTree = "<group>"; };
		9C130DAA247F976600853084 /* CompositeAppDelegate.swift */ = {isa = PBXFileReference; fileEncoding = 4; lastKnownFileType = sourcecode.swift; path = CompositeAppDelegate.swift; sourceTree = "<group>"; };
		9C130DAC247F977900853084 /* AppearanceAppDelegate.swift */ = {isa = PBXFileReference; fileEncoding = 4; lastKnownFileType = sourcecode.swift; path = AppearanceAppDelegate.swift; sourceTree = "<group>"; };
		9C130DAE247FA24700853084 /* UIImage+Extension.swift */ = {isa = PBXFileReference; fileEncoding = 4; lastKnownFileType = sourcecode.swift; path = "UIImage+Extension.swift"; sourceTree = "<group>"; };
		9C130DB0247FA42100853084 /* Empty+UIViewController.swift */ = {isa = PBXFileReference; fileEncoding = 4; lastKnownFileType = sourcecode.swift; path = "Empty+UIViewController.swift"; sourceTree = "<group>"; };
		9CAA70E3248A889700A252E4 /* UIImageView+Extension.swift */ = {isa = PBXFileReference; fileEncoding = 4; lastKnownFileType = sourcecode.swift; path = "UIImageView+Extension.swift"; sourceTree = "<group>"; };
		9CB05006247E6D71001D6DA2 /* 门锁运维助手.app */ = {isa = PBXFileReference; explicitFileType = wrapper.application; includeInIndex = 0; path = "门锁运维助手.app"; sourceTree = BUILT_PRODUCTS_DIR; };
		9CB05009247E6D71001D6DA2 /* AppDelegate.swift */ = {isa = PBXFileReference; lastKnownFileType = sourcecode.swift; path = AppDelegate.swift; sourceTree = "<group>"; };
		9CB05010247E6D71001D6DA2 /* Base */ = {isa = PBXFileReference; lastKnownFileType = file.storyboard; name = Base; path = Base.lproj/Main.storyboard; sourceTree = "<group>"; };
		9CB05012247E6D73001D6DA2 /* Assets.xcassets */ = {isa = PBXFileReference; lastKnownFileType = folder.assetcatalog; path = Assets.xcassets; sourceTree = "<group>"; };
		9CB05015247E6D73001D6DA2 /* Base */ = {isa = PBXFileReference; lastKnownFileType = file.storyboard; name = Base; path = Base.lproj/LaunchScreen.storyboard; sourceTree = "<group>"; };
		9CB05017247E6D73001D6DA2 /* Info.plist */ = {isa = PBXFileReference; lastKnownFileType = text.plist.xml; path = Info.plist; sourceTree = "<group>"; };
		9CB698BD2485F25F005F7F7F /* ChangePasswordController.swift */ = {isa = PBXFileReference; fileEncoding = 4; lastKnownFileType = sourcecode.swift; path = ChangePasswordController.swift; sourceTree = "<group>"; };
		9CB698BF2485FB34005F7F7F /* NavigationSettingStyle.swift */ = {isa = PBXFileReference; fileEncoding = 4; lastKnownFileType = sourcecode.swift; path = NavigationSettingStyle.swift; sourceTree = "<group>"; };
		9CB698C02485FB34005F7F7F /* BaseNavigationController.swift */ = {isa = PBXFileReference; fileEncoding = 4; lastKnownFileType = sourcecode.swift; path = BaseNavigationController.swift; sourceTree = "<group>"; };
		9CB698C424863371005F7F7F /* ConfigureTaskListModel.swift */ = {isa = PBXFileReference; lastKnownFileType = sourcecode.swift; path = ConfigureTaskListModel.swift; sourceTree = "<group>"; };
		9CB698C824863678005F7F7F /* HomeListCell.swift */ = {isa = PBXFileReference; lastKnownFileType = sourcecode.swift; path = HomeListCell.swift; sourceTree = "<group>"; };
		9CB698C924863678005F7F7F /* HomeListCell.xib */ = {isa = PBXFileReference; lastKnownFileType = file.xib; path = HomeListCell.xib; sourceTree = "<group>"; };
		9CB698CC24864D88005F7F7F /* UIViewController+Extension.swift */ = {isa = PBXFileReference; fileEncoding = 4; lastKnownFileType = sourcecode.swift; path = "UIViewController+Extension.swift"; sourceTree = "<group>"; };
		9CB698CE24864FB7005F7F7F /* HomeViewReactor.swift */ = {isa = PBXFileReference; lastKnownFileType = sourcecode.swift; path = HomeViewReactor.swift; sourceTree = "<group>"; };
		9CB698D024868EBB005F7F7F /* DataPickerController.swift */ = {isa = PBXFileReference; fileEncoding = 4; lastKnownFileType = sourcecode.swift; path = DataPickerController.swift; sourceTree = "<group>"; };
		9CB698D124868EBB005F7F7F /* DataPickerController.xib */ = {isa = PBXFileReference; fileEncoding = 4; lastKnownFileType = file.xib; path = DataPickerController.xib; sourceTree = "<group>"; };
		9CE3AB7F2487346500A23E5C /* TaskDetailController.swift */ = {isa = PBXFileReference; lastKnownFileType = sourcecode.swift; path = TaskDetailController.swift; sourceTree = "<group>"; };
		9CE3AB812487465400A23E5C /* ScanQRViewController.swift */ = {isa = PBXFileReference; lastKnownFileType = sourcecode.swift; path = ScanQRViewController.swift; sourceTree = "<group>"; };
		9CE3AB822487465400A23E5C /* ScanQRViewController.xib */ = {isa = PBXFileReference; lastKnownFileType = file.xib; path = ScanQRViewController.xib; sourceTree = "<group>"; };
		9CE3AB8524874F0B00A23E5C /* TaskDetailViewModel.swift */ = {isa = PBXFileReference; lastKnownFileType = sourcecode.swift; path = TaskDetailViewModel.swift; sourceTree = "<group>"; };
		9CE3AB8724874FED00A23E5C /* UIButton+Extension.swift */ = {isa = PBXFileReference; fileEncoding = 4; lastKnownFileType = sourcecode.swift; path = "UIButton+Extension.swift"; sourceTree = "<group>"; };
		9CE3AB892487529F00A23E5C /* String+Extension.swift */ = {isa = PBXFileReference; fileEncoding = 4; lastKnownFileType = sourcecode.swift; path = "String+Extension.swift"; sourceTree = "<group>"; };
		9CE3AB8D2487AD9700A23E5C /* NORData.swift */ = {isa = PBXFileReference; fileEncoding = 4; lastKnownFileType = sourcecode.swift; path = NORData.swift; sourceTree = "<group>"; };
		9CE3AB8E2487AD9700A23E5C /* NORServiceIdentifiers.swift */ = {isa = PBXFileReference; fileEncoding = 4; lastKnownFileType = sourcecode.swift; path = NORServiceIdentifiers.swift; sourceTree = "<group>"; };
		9CE3AB8F2487AD9700A23E5C /* PPBluetoothScanEntity.swift */ = {isa = PBXFileReference; fileEncoding = 4; lastKnownFileType = sourcecode.swift; path = PPBluetoothScanEntity.swift; sourceTree = "<group>"; };
		9CE3AB902487AD9700A23E5C /* BluetoothPapa.swift */ = {isa = PBXFileReference; fileEncoding = 4; lastKnownFileType = sourcecode.swift; path = BluetoothPapa.swift; sourceTree = "<group>"; };
		9CE3AB982487B17A00A23E5C /* LockStartScanViewModel.swift */ = {isa = PBXFileReference; fileEncoding = 4; lastKnownFileType = sourcecode.swift; path = LockStartScanViewModel.swift; sourceTree = "<group>"; };
		9CE3AB992487B17A00A23E5C /* LockBindViewModel.swift */ = {isa = PBXFileReference; fileEncoding = 4; lastKnownFileType = sourcecode.swift; path = LockBindViewModel.swift; sourceTree = "<group>"; };
		9CE3AB9E2487B17A00A23E5C /* InitialLock.storyboard */ = {isa = PBXFileReference; fileEncoding = 4; lastKnownFileType = file.storyboard; path = InitialLock.storyboard; sourceTree = "<group>"; };
		9CE3ABA02487B17A00A23E5C /* SelectLockTypeController.swift */ = {isa = PBXFileReference; fileEncoding = 4; lastKnownFileType = sourcecode.swift; path = SelectLockTypeController.swift; sourceTree = "<group>"; };
		9CE3ABA12487B17A00A23E5C /* LockStartScanningController.swift */ = {isa = PBXFileReference; fileEncoding = 4; lastKnownFileType = sourcecode.swift; path = LockStartScanningController.swift; sourceTree = "<group>"; };
		9CE3ABAD2487B34E00A23E5C /* LockModels.swift */ = {isa = PBXFileReference; fileEncoding = 4; lastKnownFileType = sourcecode.swift; path = LockModels.swift; sourceTree = "<group>"; };
/* End PBXFileReference section */

/* Begin PBXFrameworksBuildPhase section */
		9CB05003247E6D71001D6DA2 /* Frameworks */ = {
			isa = PBXFrameworksBuildPhase;
			buildActionMask = 2147483647;
			files = (
				76341B2C8AB89EA79E450E7F /* Pods_LockConfigurationTool.framework in Frameworks */,
			);
			runOnlyForDeploymentPostprocessing = 0;
		};
/* End PBXFrameworksBuildPhase section */

/* Begin PBXGroup section */
		6137E10D76A555900BDF183C /* Pods */ = {
			isa = PBXGroup;
			children = (
				71D8E7895802DAF3702C67E7 /* Pods-LockConfigurationTool.debug.xcconfig */,
				39A520C5221D647ED60BDF8E /* Pods-LockConfigurationTool.release.xcconfig */,
			);
			path = Pods;
			sourceTree = "<group>";
		};
		9C130D5B247F57AD00853084 /* Controllers */ = {
			isa = PBXGroup;
			children = (
				9C130D5D247F586E00853084 /* Business */,
				9C130D5C247F57F900853084 /* Authentication */,
			);
			path = Controllers;
			sourceTree = "<group>";
		};
		9C130D5C247F57F900853084 /* Authentication */ = {
			isa = PBXGroup;
			children = (
				9C130D91247F6FE600853084 /* Login.storyboard */,
				9C130D90247F6FE600853084 /* LoginViewController.swift */,
				9C130D92247F6FE600853084 /* RegisterForgetController.swift */,
				9C130D87247F6FDD00853084 /* ViewModel */,
				9C130D84247F6FD600853084 /* View */,
			);
			path = Authentication;
			sourceTree = "<group>";
		};
		9C130D5D247F586E00853084 /* Business */ = {
			isa = PBXGroup;
			children = (
				9CE3AB952487B17A00A23E5C /* InitialLock */,
				9C130DA1247F92B100853084 /* My */,
				9C130DA0247F929E00853084 /* Home */,
			);
			path = Business;
			sourceTree = "<group>";
		};
		9C130D5E247F588800853084 /* Network */ = {
			isa = PBXGroup;
			children = (
				9C130D72247F5E7000853084 /* NetworkDiskCache */,
				9C130D6A247F5C5F00853084 /* RxMoyaProvider.swift */,
				9C130D64247F59C500853084 /* NetworkingEnvironment.swift */,
				9C130D66247F5A4D00853084 /* NetworkInterface.swift */,
				9C130D68247F5A9600853084 /* NetworkInterfaceImplement.swift */,
				9C130D6C247F5CCA00853084 /* AppErrorDomain.swift */,
				9C130D6E247F5CE000853084 /* LoadingPlugin.swift */,
				9C130D7F247F683500853084 /* NetworkAPI.swift */,
			);
			path = Network;
			sourceTree = "<group>";
		};
		9C130D5F247F591D00853084 /* ToolBox */ = {
			isa = PBXGroup;
			children = (
				9CE3AB8B2487AD9700A23E5C /* Bluepapa */,
				9CB698D024868EBB005F7F7F /* DataPickerController.swift */,
				9CB698D124868EBB005F7F7F /* DataPickerController.xib */,
				9CE3AB812487465400A23E5C /* ScanQRViewController.swift */,
				9CE3AB822487465400A23E5C /* ScanQRViewController.xib */,
				9C130D70247F5DF100853084 /* ColorClassification.swift */,
				9C130D60247F592C00853084 /* LocalArchiver.swift */,
				9C130D61247F592C00853084 /* ViewLoader.swift */,
			);
			path = ToolBox;
			sourceTree = "<group>";
		};
		9C130D72247F5E7000853084 /* NetworkDiskCache */ = {
			isa = PBXGroup;
			children = (
				9C130D73247F5E7000853084 /* NetworkDiskStorage.swift */,
				9C130D74247F5E7000853084 /* NetworkMetaDb.swift */,
			);
			path = NetworkDiskCache;
			sourceTree = "<group>";
		};
		9C130D77247F5EFD00853084 /* GlobalSingleton */ = {
			isa = PBXGroup;
			children = (
				9C130D78247F5F1100853084 /* LCUser.swift */,
				9C130D9E247F75BC00853084 /* StaticConst.swift */,
				9C130DAA247F976600853084 /* CompositeAppDelegate.swift */,
				9C130DAC247F977900853084 /* AppearanceAppDelegate.swift */,
			);
			path = GlobalSingleton;
			sourceTree = "<group>";
		};
		9C130D7A247F5FC000853084 /* Models */ = {
			isa = PBXGroup;
			children = (
				9C130D7B247F5FEF00853084 /* AccessTokenModel.swift */,
				9C130D7D247F615D00853084 /* UserModel.swift */,
				9CB698C424863371005F7F7F /* ConfigureTaskListModel.swift */,
				9CE3ABAD2487B34E00A23E5C /* LockModels.swift */,
			);
			path = Models;
			sourceTree = "<group>";
		};
		9C130D81247F6B9F00853084 /* Extension */ = {
			isa = PBXGroup;
			children = (
				9C130D98247F703A00853084 /* ObjectAssociation.swift */,
				9C130D9A247F712900853084 /* PKHud+Rx.swift */,
				9C130D96247F701F00853084 /* UITextField+Extension.swift */,
				9C130D82247F6BB400853084 /* Swizzling+UIViewController.swift */,
				9C130D9C247F716100853084 /* UIView+Extension.swift */,
				9C130DAE247FA24700853084 /* UIImage+Extension.swift */,
				9CB698CC24864D88005F7F7F /* UIViewController+Extension.swift */,
				9C130DB0247FA42100853084 /* Empty+UIViewController.swift */,
				9CE3AB8724874FED00A23E5C /* UIButton+Extension.swift */,
				9CE3AB892487529F00A23E5C /* String+Extension.swift */,
				9CAA70E3248A889700A252E4 /* UIImageView+Extension.swift */,
			);
			path = Extension;
			sourceTree = "<group>";
		};
		9C130D84247F6FD600853084 /* View */ = {
			isa = PBXGroup;
			children = (
				9C130D85247F6FD600853084 /* CountdownButton.swift */,
			);
			path = View;
			sourceTree = "<group>";
		};
		9C130D87247F6FDD00853084 /* ViewModel */ = {
			isa = PBXGroup;
			children = (
				9C130D88247F6FDD00853084 /* RegisPwdViewModel.swift */,
				9C130D89247F6FDD00853084 /* LoginViewReactor.swift */,
				9C130D8A247F6FDD00853084 /* LoginService.swift */,
				9C130D8B247F6FDD00853084 /* RegistrationRecoveryService.swift */,
			);
			path = ViewModel;
			sourceTree = "<group>";
		};
		9C130DA0247F929E00853084 /* Home */ = {
			isa = PBXGroup;
			children = (
				9CB698C72486343B005F7F7F /* Views */,
				9CB698C624863422005F7F7F /* ViewModels */,
				9C130DA8247F933B00853084 /* HomeController.swift */,
				9CE3AB7F2487346500A23E5C /* TaskDetailController.swift */,
				9C130DA2247F92BF00853084 /* Home.storyboard */,
			);
			path = Home;
			sourceTree = "<group>";
		};
		9C130DA1247F92B100853084 /* My */ = {
			isa = PBXGroup;
			children = (
				9C130DA6247F92DF00853084 /* MyController.swift */,
				9CB698BD2485F25F005F7F7F /* ChangePasswordController.swift */,
				9C130DA4247F92C800853084 /* My.storyboard */,
			);
			path = My;
			sourceTree = "<group>";
		};
		9CB04FFD247E6D71001D6DA2 = {
			isa = PBXGroup;
			children = (
				9CB05008247E6D71001D6DA2 /* LockConfigurationTool */,
				9CB05007247E6D71001D6DA2 /* Products */,
				6137E10D76A555900BDF183C /* Pods */,
				B1F349A258E9731393062461 /* Frameworks */,
			);
			sourceTree = "<group>";
		};
		9CB05007247E6D71001D6DA2 /* Products */ = {
			isa = PBXGroup;
			children = (
				9CB05006247E6D71001D6DA2 /* 门锁运维助手.app */,
			);
			name = Products;
			sourceTree = "<group>";
		};
		9CB05008247E6D71001D6DA2 /* LockConfigurationTool */ = {
			isa = PBXGroup;
			children = (
				9C130D81247F6B9F00853084 /* Extension */,
				9C130D7A247F5FC000853084 /* Models */,
				9C130D77247F5EFD00853084 /* GlobalSingleton */,
				9C130D5F247F591D00853084 /* ToolBox */,
				9C130D5E247F588800853084 /* Network */,
				9C130D5B247F57AD00853084 /* Controllers */,
				9CB05009247E6D71001D6DA2 /* AppDelegate.swift */,
				9C130D59247F548800853084 /* RootViewController.swift */,
				9CB698C02485FB34005F7F7F /* BaseNavigationController.swift */,
				9CB698BF2485FB34005F7F7F /* NavigationSettingStyle.swift */,
				9CB0500F247E6D71001D6DA2 /* Main.storyboard */,
				9CB05012247E6D73001D6DA2 /* Assets.xcassets */,
				9CB05014247E6D73001D6DA2 /* LaunchScreen.storyboard */,
				9CB05017247E6D73001D6DA2 /* Info.plist */,
			);
			path = LockConfigurationTool;
			sourceTree = "<group>";
		};
		9CB698C624863422005F7F7F /* ViewModels */ = {
			isa = PBXGroup;
			children = (
				9CB698CE24864FB7005F7F7F /* HomeViewReactor.swift */,
				9CE3AB8524874F0B00A23E5C /* TaskDetailViewModel.swift */,
			);
			path = ViewModels;
			sourceTree = "<group>";
		};
		9CB698C72486343B005F7F7F /* Views */ = {
			isa = PBXGroup;
			children = (
				9CB698C824863678005F7F7F /* HomeListCell.swift */,
				9CB698C924863678005F7F7F /* HomeListCell.xib */,
			);
			path = Views;
			sourceTree = "<group>";
		};
		9CE3AB8B2487AD9700A23E5C /* Bluepapa */ = {
			isa = PBXGroup;
			children = (
				9CE3AB8C2487AD9700A23E5C /* Utilities */,
				9CE3AB8F2487AD9700A23E5C /* PPBluetoothScanEntity.swift */,
				9CE3AB902487AD9700A23E5C /* BluetoothPapa.swift */,
			);
			path = Bluepapa;
			sourceTree = "<group>";
		};
		9CE3AB8C2487AD9700A23E5C /* Utilities */ = {
			isa = PBXGroup;
			children = (
				9CE3AB8D2487AD9700A23E5C /* NORData.swift */,
				9CE3AB8E2487AD9700A23E5C /* NORServiceIdentifiers.swift */,
			);
			path = Utilities;
			sourceTree = "<group>";
		};
		9CE3AB952487B17A00A23E5C /* InitialLock */ = {
			isa = PBXGroup;
			children = (
				9CE3AB962487B17A00A23E5C /* ViewModel */,
				9CE3ABA02487B17A00A23E5C /* SelectLockTypeController.swift */,
				9CE3ABA12487B17A00A23E5C /* LockStartScanningController.swift */,
				9CE3AB9E2487B17A00A23E5C /* InitialLock.storyboard */,
			);
			path = InitialLock;
			sourceTree = "<group>";
		};
		9CE3AB962487B17A00A23E5C /* ViewModel */ = {
			isa = PBXGroup;
			children = (
				9CE3AB982487B17A00A23E5C /* LockStartScanViewModel.swift */,
				9CE3AB992487B17A00A23E5C /* LockBindViewModel.swift */,
			);
			path = ViewModel;
			sourceTree = "<group>";
		};
		B1F349A258E9731393062461 /* Frameworks */ = {
			isa = PBXGroup;
			children = (
				590B13C5ABB374154BCCDABF /* Pods_LockConfigurationTool.framework */,
			);
			name = Frameworks;
			sourceTree = "<group>";
		};
/* End PBXGroup section */

/* Begin PBXNativeTarget section */
		9CB05005247E6D71001D6DA2 /* LockConfigurationTool */ = {
			isa = PBXNativeTarget;
			buildConfigurationList = 9CB0501A247E6D73001D6DA2 /* Build configuration list for PBXNativeTarget "LockConfigurationTool" */;
			buildPhases = (
				80A63FCA780F3E3C535073AF /* [CP] Check Pods Manifest.lock */,
				9CB05002247E6D71001D6DA2 /* Sources */,
				9CB05003247E6D71001D6DA2 /* Frameworks */,
				9CB05004247E6D71001D6DA2 /* Resources */,
				769AC271CBBFD1D02C5BB6A5 /* [CP] Embed Pods Frameworks */,
			);
			buildRules = (
			);
			dependencies = (
			);
			name = LockConfigurationTool;
			productName = LockConfigurationTool;
			productReference = 9CB05006247E6D71001D6DA2 /* 门锁运维助手.app */;
			productType = "com.apple.product-type.application";
		};
/* End PBXNativeTarget section */

/* Begin PBXProject section */
		9CB04FFE247E6D71001D6DA2 /* Project object */ = {
			isa = PBXProject;
			attributes = {
				LastSwiftUpdateCheck = 1140;
				LastUpgradeCheck = 1140;
				ORGANIZATIONNAME = mugua;
				TargetAttributes = {
					9CB05005247E6D71001D6DA2 = {
						CreatedOnToolsVersion = 11.4.1;
					};
				};
			};
			buildConfigurationList = 9CB05001247E6D71001D6DA2 /* Build configuration list for PBXProject "LockConfigurationTool" */;
			compatibilityVersion = "Xcode 9.3";
			developmentRegion = en;
			hasScannedForEncodings = 0;
			knownRegions = (
				en,
				Base,
			);
			mainGroup = 9CB04FFD247E6D71001D6DA2;
			productRefGroup = 9CB05007247E6D71001D6DA2 /* Products */;
			projectDirPath = "";
			projectRoot = "";
			targets = (
				9CB05005247E6D71001D6DA2 /* LockConfigurationTool */,
			);
		};
/* End PBXProject section */

/* Begin PBXResourcesBuildPhase section */
		9CB05004247E6D71001D6DA2 /* Resources */ = {
			isa = PBXResourcesBuildPhase;
			buildActionMask = 2147483647;
			files = (
				9C130DA5247F92C800853084 /* My.storyboard in Resources */,
				9C130D94247F6FE600853084 /* Login.storyboard in Resources */,
				9C130DA3247F92BF00853084 /* Home.storyboard in Resources */,
				9CB05016247E6D73001D6DA2 /* LaunchScreen.storyboard in Resources */,
				9CB05013247E6D73001D6DA2 /* Assets.xcassets in Resources */,
				9CB698D324868EBB005F7F7F /* DataPickerController.xib in Resources */,
				9CB05011247E6D71001D6DA2 /* Main.storyboard in Resources */,
				9CB698CB24863678005F7F7F /* HomeListCell.xib in Resources */,
				9CE3ABA92487B17A00A23E5C /* InitialLock.storyboard in Resources */,
				9CE3AB842487465400A23E5C /* ScanQRViewController.xib in Resources */,
			);
			runOnlyForDeploymentPostprocessing = 0;
		};
/* End PBXResourcesBuildPhase section */

/* Begin PBXShellScriptBuildPhase section */
		769AC271CBBFD1D02C5BB6A5 /* [CP] Embed Pods Frameworks */ = {
			isa = PBXShellScriptBuildPhase;
			buildActionMask = 2147483647;
			files = (
			);
			inputFileListPaths = (
				"${PODS_ROOT}/Target Support Files/Pods-LockConfigurationTool/Pods-LockConfigurationTool-frameworks-${CONFIGURATION}-input-files.xcfilelist",
			);
			name = "[CP] Embed Pods Frameworks";
			outputFileListPaths = (
				"${PODS_ROOT}/Target Support Files/Pods-LockConfigurationTool/Pods-LockConfigurationTool-frameworks-${CONFIGURATION}-output-files.xcfilelist",
			);
			runOnlyForDeploymentPostprocessing = 0;
			shellPath = /bin/sh;
			shellScript = "\"${PODS_ROOT}/Target Support Files/Pods-LockConfigurationTool/Pods-LockConfigurationTool-frameworks.sh\"\n";
			showEnvVarsInLog = 0;
		};
		80A63FCA780F3E3C535073AF /* [CP] Check Pods Manifest.lock */ = {
			isa = PBXShellScriptBuildPhase;
			buildActionMask = 2147483647;
			files = (
			);
			inputFileListPaths = (
			);
			inputPaths = (
				"${PODS_PODFILE_DIR_PATH}/Podfile.lock",
				"${PODS_ROOT}/Manifest.lock",
			);
			name = "[CP] Check Pods Manifest.lock";
			outputFileListPaths = (
			);
			outputPaths = (
				"$(DERIVED_FILE_DIR)/Pods-LockConfigurationTool-checkManifestLockResult.txt",
			);
			runOnlyForDeploymentPostprocessing = 0;
			shellPath = /bin/sh;
			shellScript = "diff \"${PODS_PODFILE_DIR_PATH}/Podfile.lock\" \"${PODS_ROOT}/Manifest.lock\" > /dev/null\nif [ $? != 0 ] ; then\n    # print error to STDERR\n    echo \"error: The sandbox is not in sync with the Podfile.lock. Run 'pod install' or update your CocoaPods installation.\" >&2\n    exit 1\nfi\n# This output is used by Xcode 'outputs' to avoid re-running this script phase.\necho \"SUCCESS\" > \"${SCRIPT_OUTPUT_FILE_0}\"\n";
			showEnvVarsInLog = 0;
		};
/* End PBXShellScriptBuildPhase section */

/* Begin PBXSourcesBuildPhase section */
		9CB05002247E6D71001D6DA2 /* Sources */ = {
			isa = PBXSourcesBuildPhase;
			buildActionMask = 2147483647;
			files = (
				9CB698BE2485F25F005F7F7F /* ChangePasswordController.swift in Sources */,
				9C130DA7247F92DF00853084 /* MyController.swift in Sources */,
				9C130D83247F6BB400853084 /* Swizzling+UIViewController.swift in Sources */,
				9CE3AB802487346500A23E5C /* TaskDetailController.swift in Sources */,
				9C130D9D247F716100853084 /* UIView+Extension.swift in Sources */,
				9CE3ABA32487B17A00A23E5C /* LockStartScanViewModel.swift in Sources */,
				9CE3AB8824874FED00A23E5C /* UIButton+Extension.swift in Sources */,
				9C130D5A247F548800853084 /* RootViewController.swift in Sources */,
				9CE3AB922487AD9700A23E5C /* NORServiceIdentifiers.swift in Sources */,
				9CE3AB942487AD9700A23E5C /* BluetoothPapa.swift in Sources */,
				9CB698D224868EBB005F7F7F /* DataPickerController.swift in Sources */,
				9C130D75247F5E7000853084 /* NetworkDiskStorage.swift in Sources */,
				9C130D8F247F6FDD00853084 /* RegistrationRecoveryService.swift in Sources */,
				9C130D69247F5A9600853084 /* NetworkInterfaceImplement.swift in Sources */,
				9C130D6B247F5C5F00853084 /* RxMoyaProvider.swift in Sources */,
				9CB698C524863371005F7F7F /* ConfigureTaskListModel.swift in Sources */,
				9C130DAB247F976600853084 /* CompositeAppDelegate.swift in Sources */,
				9CE3ABAB2487B17A00A23E5C /* SelectLockTypeController.swift in Sources */,
				9CB698C12485FB34005F7F7F /* NavigationSettingStyle.swift in Sources */,
				9CE3AB832487465400A23E5C /* ScanQRViewController.swift in Sources */,
				9C130D9B247F712900853084 /* PKHud+Rx.swift in Sources */,
				9CE3AB8624874F0B00A23E5C /* TaskDetailViewModel.swift in Sources */,
				9C130D99247F703A00853084 /* ObjectAssociation.swift in Sources */,
				9C130D76247F5E7000853084 /* NetworkMetaDb.swift in Sources */,
				9C130D86247F6FD600853084 /* CountdownButton.swift in Sources */,
				9C130D80247F683500853084 /* NetworkAPI.swift in Sources */,
				9C130D6F247F5CE000853084 /* LoadingPlugin.swift in Sources */,
				9CB698CD24864D88005F7F7F /* UIViewController+Extension.swift in Sources */,
				9C130D9F247F75BC00853084 /* StaticConst.swift in Sources */,
				9C130D65247F59C500853084 /* NetworkingEnvironment.swift in Sources */,
				9C130D6D247F5CCA00853084 /* AppErrorDomain.swift in Sources */,
				9CAA70E4248A889800A252E4 /* UIImageView+Extension.swift in Sources */,
				9C130DB1247FA42100853084 /* Empty+UIViewController.swift in Sources */,
				9C130D93247F6FE600853084 /* LoginViewController.swift in Sources */,
				9CE3AB932487AD9700A23E5C /* PPBluetoothScanEntity.swift in Sources */,
				9CE3AB8A2487529F00A23E5C /* String+Extension.swift in Sources */,
				9C130D7C247F5FEF00853084 /* AccessTokenModel.swift in Sources */,
				9C130D63247F592C00853084 /* ViewLoader.swift in Sources */,
				9C130D95247F6FE600853084 /* RegisterForgetController.swift in Sources */,
				9CE3ABAC2487B17A00A23E5C /* LockStartScanningController.swift in Sources */,
				9CE3AB912487AD9700A23E5C /* NORData.swift in Sources */,
				9C130DAF247FA24700853084 /* UIImage+Extension.swift in Sources */,
				9CB698C22485FB34005F7F7F /* BaseNavigationController.swift in Sources */,
				9C130D7E247F615D00853084 /* UserModel.swift in Sources */,
				9C130D79247F5F1100853084 /* LCUser.swift in Sources */,
				9CB0500A247E6D71001D6DA2 /* AppDelegate.swift in Sources */,
				9CE3ABA42487B17A00A23E5C /* LockBindViewModel.swift in Sources */,
				9C130D71247F5DF100853084 /* ColorClassification.swift in Sources */,
				9C130D8E247F6FDD00853084 /* LoginService.swift in Sources */,
				9CE3ABAE2487B34E00A23E5C /* LockModels.swift in Sources */,
				9C130D67247F5A4D00853084 /* NetworkInterface.swift in Sources */,
				9CB698CA24863678005F7F7F /* HomeListCell.swift in Sources */,
				9C130DAD247F977900853084 /* AppearanceAppDelegate.swift in Sources */,
				9C130D62247F592C00853084 /* LocalArchiver.swift in Sources */,
				9C130DA9247F933B00853084 /* HomeController.swift in Sources */,
				9CB698CF24864FB7005F7F7F /* HomeViewReactor.swift in Sources */,
				9C130D97247F701F00853084 /* UITextField+Extension.swift in Sources */,
				9C130D8C247F6FDD00853084 /* RegisPwdViewModel.swift in Sources */,
				9C130D8D247F6FDD00853084 /* LoginViewReactor.swift in Sources */,
			);
			runOnlyForDeploymentPostprocessing = 0;
		};
/* End PBXSourcesBuildPhase section */

/* Begin PBXVariantGroup section */
		9CB0500F247E6D71001D6DA2 /* Main.storyboard */ = {
			isa = PBXVariantGroup;
			children = (
				9CB05010247E6D71001D6DA2 /* Base */,
			);
			name = Main.storyboard;
			sourceTree = "<group>";
		};
		9CB05014247E6D73001D6DA2 /* LaunchScreen.storyboard */ = {
			isa = PBXVariantGroup;
			children = (
				9CB05015247E6D73001D6DA2 /* Base */,
			);
			name = LaunchScreen.storyboard;
			sourceTree = "<group>";
		};
/* End PBXVariantGroup section */

/* Begin XCBuildConfiguration section */
		9CB05018247E6D73001D6DA2 /* Debug */ = {
			isa = XCBuildConfiguration;
			buildSettings = {
				ALWAYS_SEARCH_USER_PATHS = NO;
				CLANG_ANALYZER_NONNULL = YES;
				CLANG_ANALYZER_NUMBER_OBJECT_CONVERSION = YES_AGGRESSIVE;
				CLANG_CXX_LANGUAGE_STANDARD = "gnu++14";
				CLANG_CXX_LIBRARY = "libc++";
				CLANG_ENABLE_MODULES = YES;
				CLANG_ENABLE_OBJC_ARC = YES;
				CLANG_ENABLE_OBJC_WEAK = YES;
				CLANG_WARN_BLOCK_CAPTURE_AUTORELEASING = YES;
				CLANG_WARN_BOOL_CONVERSION = YES;
				CLANG_WARN_COMMA = YES;
				CLANG_WARN_CONSTANT_CONVERSION = YES;
				CLANG_WARN_DEPRECATED_OBJC_IMPLEMENTATIONS = YES;
				CLANG_WARN_DIRECT_OBJC_ISA_USAGE = YES_ERROR;
				CLANG_WARN_DOCUMENTATION_COMMENTS = YES;
				CLANG_WARN_EMPTY_BODY = YES;
				CLANG_WARN_ENUM_CONVERSION = YES;
				CLANG_WARN_INFINITE_RECURSION = YES;
				CLANG_WARN_INT_CONVERSION = YES;
				CLANG_WARN_NON_LITERAL_NULL_CONVERSION = YES;
				CLANG_WARN_OBJC_IMPLICIT_RETAIN_SELF = YES;
				CLANG_WARN_OBJC_LITERAL_CONVERSION = YES;
				CLANG_WARN_OBJC_ROOT_CLASS = YES_ERROR;
				CLANG_WARN_RANGE_LOOP_ANALYSIS = YES;
				CLANG_WARN_STRICT_PROTOTYPES = YES;
				CLANG_WARN_SUSPICIOUS_MOVE = YES;
				CLANG_WARN_UNGUARDED_AVAILABILITY = YES_AGGRESSIVE;
				CLANG_WARN_UNREACHABLE_CODE = YES;
				CLANG_WARN__DUPLICATE_METHOD_MATCH = YES;
				COPY_PHASE_STRIP = NO;
				DEBUG_INFORMATION_FORMAT = dwarf;
				ENABLE_STRICT_OBJC_MSGSEND = YES;
				ENABLE_TESTABILITY = YES;
				GCC_C_LANGUAGE_STANDARD = gnu11;
				GCC_DYNAMIC_NO_PIC = NO;
				GCC_NO_COMMON_BLOCKS = YES;
				GCC_OPTIMIZATION_LEVEL = 0;
				GCC_PREPROCESSOR_DEFINITIONS = (
					"DEBUG=1",
					"$(inherited)",
				);
				GCC_WARN_64_TO_32_BIT_CONVERSION = YES;
				GCC_WARN_ABOUT_RETURN_TYPE = YES_ERROR;
				GCC_WARN_UNDECLARED_SELECTOR = YES;
				GCC_WARN_UNINITIALIZED_AUTOS = YES_AGGRESSIVE;
				GCC_WARN_UNUSED_FUNCTION = YES;
				GCC_WARN_UNUSED_VARIABLE = YES;
				IPHONEOS_DEPLOYMENT_TARGET = 13.4;
				MTL_ENABLE_DEBUG_INFO = INCLUDE_SOURCE;
				MTL_FAST_MATH = YES;
				ONLY_ACTIVE_ARCH = YES;
				SDKROOT = iphoneos;
				SWIFT_ACTIVE_COMPILATION_CONDITIONS = DEBUG;
				SWIFT_OPTIMIZATION_LEVEL = "-Onone";
			};
			name = Debug;
		};
		9CB05019247E6D73001D6DA2 /* Release */ = {
			isa = XCBuildConfiguration;
			buildSettings = {
				ALWAYS_SEARCH_USER_PATHS = NO;
				CLANG_ANALYZER_NONNULL = YES;
				CLANG_ANALYZER_NUMBER_OBJECT_CONVERSION = YES_AGGRESSIVE;
				CLANG_CXX_LANGUAGE_STANDARD = "gnu++14";
				CLANG_CXX_LIBRARY = "libc++";
				CLANG_ENABLE_MODULES = YES;
				CLANG_ENABLE_OBJC_ARC = YES;
				CLANG_ENABLE_OBJC_WEAK = YES;
				CLANG_WARN_BLOCK_CAPTURE_AUTORELEASING = YES;
				CLANG_WARN_BOOL_CONVERSION = YES;
				CLANG_WARN_COMMA = YES;
				CLANG_WARN_CONSTANT_CONVERSION = YES;
				CLANG_WARN_DEPRECATED_OBJC_IMPLEMENTATIONS = YES;
				CLANG_WARN_DIRECT_OBJC_ISA_USAGE = YES_ERROR;
				CLANG_WARN_DOCUMENTATION_COMMENTS = YES;
				CLANG_WARN_EMPTY_BODY = YES;
				CLANG_WARN_ENUM_CONVERSION = YES;
				CLANG_WARN_INFINITE_RECURSION = YES;
				CLANG_WARN_INT_CONVERSION = YES;
				CLANG_WARN_NON_LITERAL_NULL_CONVERSION = YES;
				CLANG_WARN_OBJC_IMPLICIT_RETAIN_SELF = YES;
				CLANG_WARN_OBJC_LITERAL_CONVERSION = YES;
				CLANG_WARN_OBJC_ROOT_CLASS = YES_ERROR;
				CLANG_WARN_RANGE_LOOP_ANALYSIS = YES;
				CLANG_WARN_STRICT_PROTOTYPES = YES;
				CLANG_WARN_SUSPICIOUS_MOVE = YES;
				CLANG_WARN_UNGUARDED_AVAILABILITY = YES_AGGRESSIVE;
				CLANG_WARN_UNREACHABLE_CODE = YES;
				CLANG_WARN__DUPLICATE_METHOD_MATCH = YES;
				COPY_PHASE_STRIP = NO;
				DEBUG_INFORMATION_FORMAT = "dwarf-with-dsym";
				ENABLE_NS_ASSERTIONS = NO;
				ENABLE_STRICT_OBJC_MSGSEND = YES;
				GCC_C_LANGUAGE_STANDARD = gnu11;
				GCC_NO_COMMON_BLOCKS = YES;
				GCC_WARN_64_TO_32_BIT_CONVERSION = YES;
				GCC_WARN_ABOUT_RETURN_TYPE = YES_ERROR;
				GCC_WARN_UNDECLARED_SELECTOR = YES;
				GCC_WARN_UNINITIALIZED_AUTOS = YES_AGGRESSIVE;
				GCC_WARN_UNUSED_FUNCTION = YES;
				GCC_WARN_UNUSED_VARIABLE = YES;
				IPHONEOS_DEPLOYMENT_TARGET = 13.4;
				MTL_ENABLE_DEBUG_INFO = NO;
				MTL_FAST_MATH = YES;
				SDKROOT = iphoneos;
				SWIFT_COMPILATION_MODE = wholemodule;
				SWIFT_OPTIMIZATION_LEVEL = "-O";
				VALIDATE_PRODUCT = YES;
			};
			name = Release;
		};
		9CB0501B247E6D73001D6DA2 /* Debug */ = {
			isa = XCBuildConfiguration;
			baseConfigurationReference = 71D8E7895802DAF3702C67E7 /* Pods-LockConfigurationTool.debug.xcconfig */;
			buildSettings = {
				ASSETCATALOG_COMPILER_APPICON_NAME = AppIcon;
				CODE_SIGN_STYLE = Automatic;
				DEVELOPMENT_TEAM = RBJYLDFMF8;
				INFOPLIST_FILE = LockConfigurationTool/Info.plist;
				IPHONEOS_DEPLOYMENT_TARGET = 11.0;
				LD_RUNPATH_SEARCH_PATHS = (
					"$(inherited)",
					"@executable_path/Frameworks",
				);
				PRODUCT_BUNDLE_IDENTIFIER = com.oldwhy.LockConfigurationTool;
				PRODUCT_NAME = "门锁运维助手";
				SWIFT_VERSION = 5.0;
				TARGETED_DEVICE_FAMILY = 1;
			};
			name = Debug;
		};
		9CB0501C247E6D73001D6DA2 /* Release */ = {
			isa = XCBuildConfiguration;
			baseConfigurationReference = 39A520C5221D647ED60BDF8E /* Pods-LockConfigurationTool.release.xcconfig */;
			buildSettings = {
				ASSETCATALOG_COMPILER_APPICON_NAME = AppIcon;
				CODE_SIGN_STYLE = Automatic;
				DEVELOPMENT_TEAM = RBJYLDFMF8;
				INFOPLIST_FILE = LockConfigurationTool/Info.plist;
				IPHONEOS_DEPLOYMENT_TARGET = 11.0;
				LD_RUNPATH_SEARCH_PATHS = (
					"$(inherited)",
					"@executable_path/Frameworks",
				);
				PRODUCT_BUNDLE_IDENTIFIER = com.oldwhy.LockConfigurationTool;
				PRODUCT_NAME = "门锁运维助手";
				SWIFT_VERSION = 5.0;
				TARGETED_DEVICE_FAMILY = 1;
			};
			name = Release;
		};
/* End XCBuildConfiguration section */

/* Begin XCConfigurationList section */
		9CB05001247E6D71001D6DA2 /* Build configuration list for PBXProject "LockConfigurationTool" */ = {
			isa = XCConfigurationList;
			buildConfigurations = (
				9CB05018247E6D73001D6DA2 /* Debug */,
				9CB05019247E6D73001D6DA2 /* Release */,
			);
			defaultConfigurationIsVisible = 0;
			defaultConfigurationName = Release;
		};
		9CB0501A247E6D73001D6DA2 /* Build configuration list for PBXNativeTarget "LockConfigurationTool" */ = {
			isa = XCConfigurationList;
			buildConfigurations = (
				9CB0501B247E6D73001D6DA2 /* Debug */,
				9CB0501C247E6D73001D6DA2 /* Release */,
			);
			defaultConfigurationIsVisible = 0;
			defaultConfigurationName = Release;
		};
/* End XCConfigurationList section */
	};
	rootObject = 9CB04FFE247E6D71001D6DA2 /* Project object */;
}
